
Microsoft Visual Studio Solution File, Format Version 12.00
# Visual Studio Version 16
VisualStudioVersion = 16.0.31729.503
MinimumVisualStudioVersion = 10.0.40219.1
Project("{FAE04EC0-301F-11D3-BF4B-00C04F79EFBC}") = "Number Game !", "Number Game !\Number Game !.csproj", "{A6F92D34-FA21-47C0-8249-968B7C632CAC}"
EndProject
Global
	GlobalSection(SolutionConfigurationPlatforms) = preSolution
		Debug|Any CPU = Debug|Any CPU
		Release|Any CPU = Release|Any CPU
	EndGlobalSection
	GlobalSection(ProjectConfigurationPlatforms) = postSolution
		{A6F92D34-FA21-47C0-8249-968B7C632CAC}.Debug|Any CPU.ActiveCfg = Debug|Any CPU
		{A6F92D34-FA21-47C0-8249-968B7C632CAC}.Debug|Any CPU.Build.0 = Debug|Any CPU
		{A6F92D34-FA21-47C0-8249-968B7C632CAC}.Release|Any CPU.ActiveCfg = Release|Any CPU
		{A6F92D34-FA21-47C0-8249-968B7C632CAC}.Release|Any CPU.Build.0 = Release|Any CPU
	EndGlobalSection
	GlobalSection(SolutionProperties) = preSolution
		HideSolutionNode = FALSE
	EndGlobalSection
	GlobalSection(ExtensibilityGlobals) = postSolution
		SolutionGuid = {C2E49539-DCCF-4FA2-B6C9-43184B40B817}
	EndGlobalSection
EndGlobal
